
Microsoft Visual Studio Solution File, Format Version 12.00
# Visual Studio Version 17
VisualStudioVersion = 17.4.33110.190
MinimumVisualStudioVersion = 10.0.40219.1
Project("{FAE04EC0-301F-11D3-BF4B-00C04F79EFBC}") = "Conversor temperaturas", "Conversor temperaturas\Conversor temperaturas.csproj", "{556D8020-013D-4A0B-9049-E46375CD4CED}"
EndProject
Global
	GlobalSection(SolutionConfigurationPlatforms) = preSolution
		Debug|Any CPU = Debug|Any CPU
		Release|Any CPU = Release|Any CPU
	EndGlobalSection
	GlobalSection(ProjectConfigurationPlatforms) = postSolution
		{556D8020-013D-4A0B-9049-E46375CD4CED}.Debug|Any CPU.ActiveCfg = Debug|Any CPU
		{556D8020-013D-4A0B-9049-E46375CD4CED}.Debug|Any CPU.Build.0 = Debug|Any CPU
		{556D8020-013D-4A0B-9049-E46375CD4CED}.Release|Any CPU.ActiveCfg = Release|Any CPU
		{556D8020-013D-4A0B-9049-E46375CD4CED}.Release|Any CPU.Build.0 = Release|Any CPU
	EndGlobalSection
	GlobalSection(SolutionProperties) = preSolution
		HideSolutionNode = FALSE
	EndGlobalSection
	GlobalSection(ExtensibilityGlobals) = postSolution
		SolutionGuid = {0811AC6F-B607-4914-9B72-65F23DC0484F}
	EndGlobalSection
EndGlobal
