
Microsoft Visual Studio Solution File, Format Version 12.00
# Visual Studio Version 17
VisualStudioVersion = 17.4.33122.133
MinimumVisualStudioVersion = 10.0.40219.1
Project("{FAE04EC0-301F-11D3-BF4B-00C04F79EFBC}") = "AdvancedLists", "AdvancedLists\AdvancedLists.csproj", "{98837D9E-FFF5-43A5-BFE6-9030133AE2A4}"
EndProject
Global
	GlobalSection(SolutionConfigurationPlatforms) = preSolution
		Debug|Any CPU = Debug|Any CPU
		Release|Any CPU = Release|Any CPU
	EndGlobalSection
	GlobalSection(ProjectConfigurationPlatforms) = postSolution
		{98837D9E-FFF5-43A5-BFE6-9030133AE2A4}.Debug|Any CPU.ActiveCfg = Debug|Any CPU
		{98837D9E-FFF5-43A5-BFE6-9030133AE2A4}.Debug|Any CPU.Build.0 = Debug|Any CPU
		{98837D9E-FFF5-43A5-BFE6-9030133AE2A4}.Release|Any CPU.ActiveCfg = Release|Any CPU
		{98837D9E-FFF5-43A5-BFE6-9030133AE2A4}.Release|Any CPU.Build.0 = Release|Any CPU
	EndGlobalSection
	GlobalSection(SolutionProperties) = preSolution
		HideSolutionNode = FALSE
	EndGlobalSection
	GlobalSection(ExtensibilityGlobals) = postSolution
		SolutionGuid = {2492CEE6-CF63-4AD6-9D92-E5F98CE7A00F}
	EndGlobalSection
EndGlobal
