
Microsoft Visual Studio Solution File, Format Version 12.00
# Visual Studio Version 17
VisualStudioVersion = 17.4.33122.133
MinimumVisualStudioVersion = 10.0.40219.1
Project("{FAE04EC0-301F-11D3-BF4B-00C04F79EFBC}") = "Part001", "Part001\Part001.csproj", "{C5A82EDE-6A3C-44B5-9D60-DB53916850A8}"
EndProject
Project("{FAE04EC0-301F-11D3-BF4B-00C04F79EFBC}") = "Part002", "Part002\Part002.csproj", "{3FCBD67B-1F75-4865-87BA-8437E39ED5BF}"
EndProject
Project("{FAE04EC0-301F-11D3-BF4B-00C04F79EFBC}") = "Part003", "Part003\Part003.csproj", "{09CA7753-24F9-47E6-A2BA-59D8030A0CAA}"
EndProject
Project("{FAE04EC0-301F-11D3-BF4B-00C04F79EFBC}") = "Part004", "Part004\Part004.csproj", "{897CE195-9A2D-4D3E-A0AF-6746E586B689}"
EndProject
Project("{FAE04EC0-301F-11D3-BF4B-00C04F79EFBC}") = "Part005", "Part005\Part005.csproj", "{48406F91-8E69-4B9E-B984-C8B6B1836183}"
EndProject
Project("{FAE04EC0-301F-11D3-BF4B-00C04F79EFBC}") = "Part006", "Part006\Part006.csproj", "{632DE77C-B850-4118-BCAF-349E1D794F7A}"
EndProject
Project("{FAE04EC0-301F-11D3-BF4B-00C04F79EFBC}") = "Part007", "Part007\Part007.csproj", "{86B98C98-6644-4829-A68D-51CAF725AF10}"
EndProject
Project("{FAE04EC0-301F-11D3-BF4B-00C04F79EFBC}") = "Part008", "Part008\Part008.csproj", "{0B6ABEA9-8D0B-4D43-99FA-87971435504F}"
EndProject
Global
	GlobalSection(SolutionConfigurationPlatforms) = preSolution
		Debug|Any CPU = Debug|Any CPU
		Release|Any CPU = Release|Any CPU
	EndGlobalSection
	GlobalSection(ProjectConfigurationPlatforms) = postSolution
		{C5A82EDE-6A3C-44B5-9D60-DB53916850A8}.Debug|Any CPU.ActiveCfg = Debug|Any CPU
		{C5A82EDE-6A3C-44B5-9D60-DB53916850A8}.Debug|Any CPU.Build.0 = Debug|Any CPU
		{C5A82EDE-6A3C-44B5-9D60-DB53916850A8}.Release|Any CPU.ActiveCfg = Release|Any CPU
		{C5A82EDE-6A3C-44B5-9D60-DB53916850A8}.Release|Any CPU.Build.0 = Release|Any CPU
		{3FCBD67B-1F75-4865-87BA-8437E39ED5BF}.Debug|Any CPU.ActiveCfg = Debug|Any CPU
		{3FCBD67B-1F75-4865-87BA-8437E39ED5BF}.Debug|Any CPU.Build.0 = Debug|Any CPU
		{3FCBD67B-1F75-4865-87BA-8437E39ED5BF}.Release|Any CPU.ActiveCfg = Release|Any CPU
		{3FCBD67B-1F75-4865-87BA-8437E39ED5BF}.Release|Any CPU.Build.0 = Release|Any CPU
		{09CA7753-24F9-47E6-A2BA-59D8030A0CAA}.Debug|Any CPU.ActiveCfg = Debug|Any CPU
		{09CA7753-24F9-47E6-A2BA-59D8030A0CAA}.Debug|Any CPU.Build.0 = Debug|Any CPU
		{09CA7753-24F9-47E6-A2BA-59D8030A0CAA}.Release|Any CPU.ActiveCfg = Release|Any CPU
		{09CA7753-24F9-47E6-A2BA-59D8030A0CAA}.Release|Any CPU.Build.0 = Release|Any CPU
		{897CE195-9A2D-4D3E-A0AF-6746E586B689}.Debug|Any CPU.ActiveCfg = Debug|Any CPU
		{897CE195-9A2D-4D3E-A0AF-6746E586B689}.Debug|Any CPU.Build.0 = Debug|Any CPU
		{897CE195-9A2D-4D3E-A0AF-6746E586B689}.Release|Any CPU.ActiveCfg = Release|Any CPU
		{897CE195-9A2D-4D3E-A0AF-6746E586B689}.Release|Any CPU.Build.0 = Release|Any CPU
		{48406F91-8E69-4B9E-B984-C8B6B1836183}.Debug|Any CPU.ActiveCfg = Debug|Any CPU
		{48406F91-8E69-4B9E-B984-C8B6B1836183}.Debug|Any CPU.Build.0 = Debug|Any CPU
		{48406F91-8E69-4B9E-B984-C8B6B1836183}.Release|Any CPU.ActiveCfg = Release|Any CPU
		{48406F91-8E69-4B9E-B984-C8B6B1836183}.Release|Any CPU.Build.0 = Release|Any CPU
		{632DE77C-B850-4118-BCAF-349E1D794F7A}.Debug|Any CPU.ActiveCfg = Debug|Any CPU
		{632DE77C-B850-4118-BCAF-349E1D794F7A}.Debug|Any CPU.Build.0 = Debug|Any CPU
		{632DE77C-B850-4118-BCAF-349E1D794F7A}.Release|Any CPU.ActiveCfg = Release|Any CPU
		{632DE77C-B850-4118-BCAF-349E1D794F7A}.Release|Any CPU.Build.0 = Release|Any CPU
		{86B98C98-6644-4829-A68D-51CAF725AF10}.Debug|Any CPU.ActiveCfg = Debug|Any CPU
		{86B98C98-6644-4829-A68D-51CAF725AF10}.Debug|Any CPU.Build.0 = Debug|Any CPU
		{86B98C98-6644-4829-A68D-51CAF725AF10}.Release|Any CPU.ActiveCfg = Release|Any CPU
		{86B98C98-6644-4829-A68D-51CAF725AF10}.Release|Any CPU.Build.0 = Release|Any CPU
		{0B6ABEA9-8D0B-4D43-99FA-87971435504F}.Debug|Any CPU.ActiveCfg = Debug|Any CPU
		{0B6ABEA9-8D0B-4D43-99FA-87971435504F}.Debug|Any CPU.Build.0 = Debug|Any CPU
		{0B6ABEA9-8D0B-4D43-99FA-87971435504F}.Release|Any CPU.ActiveCfg = Release|Any CPU
		{0B6ABEA9-8D0B-4D43-99FA-87971435504F}.Release|Any CPU.Build.0 = Release|Any CPU
	EndGlobalSection
	GlobalSection(SolutionProperties) = preSolution
		HideSolutionNode = FALSE
	EndGlobalSection
	GlobalSection(ExtensibilityGlobals) = postSolution
		SolutionGuid = {65EFF52F-D44C-4EB1-8206-14F2C64F36BA}
	EndGlobalSection
EndGlobal
