
Microsoft Visual Studio Solution File, Format Version 12.00
# Visual Studio Version 17
VisualStudioVersion = 17.4.33122.133
MinimumVisualStudioVersion = 10.0.40219.1
Project("{FAE04EC0-301F-11D3-BF4B-00C04F79EFBC}") = "CryptoFile", "CryptoFile\CryptoFile.csproj", "{EE347FAE-8D18-4040-9491-2C495FF7FB58}"
EndProject
Global
	GlobalSection(SolutionConfigurationPlatforms) = preSolution
		Debug|Any CPU = Debug|Any CPU
		Release|Any CPU = Release|Any CPU
	EndGlobalSection
	GlobalSection(ProjectConfigurationPlatforms) = postSolution
		{EE347FAE-8D18-4040-9491-2C495FF7FB58}.Debug|Any CPU.ActiveCfg = Debug|Any CPU
		{EE347FAE-8D18-4040-9491-2C495FF7FB58}.Debug|Any CPU.Build.0 = Debug|Any CPU
		{EE347FAE-8D18-4040-9491-2C495FF7FB58}.Release|Any CPU.ActiveCfg = Release|Any CPU
		{EE347FAE-8D18-4040-9491-2C495FF7FB58}.Release|Any CPU.Build.0 = Release|Any CPU
	EndGlobalSection
	GlobalSection(SolutionProperties) = preSolution
		HideSolutionNode = FALSE
	EndGlobalSection
	GlobalSection(ExtensibilityGlobals) = postSolution
		SolutionGuid = {82BBF094-C139-4F8B-992F-4C7E8BC94EC9}
	EndGlobalSection
EndGlobal
