
Microsoft Visual Studio Solution File, Format Version 12.00
# Visual Studio Version 17
VisualStudioVersion = 17.3.32929.385
MinimumVisualStudioVersion = 10.0.40219.1
Project("{9A19103F-16F7-4668-BE54-9A1E7A4F7556}") = "Vehiculo", "Pruebas\Vehiculo.csproj", "{D4603BCD-38E0-4246-ADA8-62588ADC9ED6}"
EndProject
Global
	GlobalSection(SolutionConfigurationPlatforms) = preSolution
		Debug|Any CPU = Debug|Any CPU
		Release|Any CPU = Release|Any CPU
	EndGlobalSection
	GlobalSection(ProjectConfigurationPlatforms) = postSolution
		{D4603BCD-38E0-4246-ADA8-62588ADC9ED6}.Debug|Any CPU.ActiveCfg = Debug|Any CPU
		{D4603BCD-38E0-4246-ADA8-62588ADC9ED6}.Debug|Any CPU.Build.0 = Debug|Any CPU
		{D4603BCD-38E0-4246-ADA8-62588ADC9ED6}.Release|Any CPU.ActiveCfg = Release|Any CPU
		{D4603BCD-38E0-4246-ADA8-62588ADC9ED6}.Release|Any CPU.Build.0 = Release|Any CPU
	EndGlobalSection
	GlobalSection(SolutionProperties) = preSolution
		HideSolutionNode = FALSE
	EndGlobalSection
	GlobalSection(ExtensibilityGlobals) = postSolution
		SolutionGuid = {CEC0A038-9D2B-415B-9229-EC93C06B92F3}
	EndGlobalSection
EndGlobal
