
Microsoft Visual Studio Solution File, Format Version 12.00
# Visual Studio Version 17
VisualStudioVersion = 17.4.33122.133
MinimumVisualStudioVersion = 10.0.40219.1
Project("{FAE04EC0-301F-11D3-BF4B-00C04F79EFBC}") = "LoginApp", "LoginApp\LoginApp.csproj", "{08BF38F4-E734-4994-A857-4E7A9CE4171E}"
EndProject
Global
	GlobalSection(SolutionConfigurationPlatforms) = preSolution
		Debug|Any CPU = Debug|Any CPU
		Release|Any CPU = Release|Any CPU
	EndGlobalSection
	GlobalSection(ProjectConfigurationPlatforms) = postSolution
		{08BF38F4-E734-4994-A857-4E7A9CE4171E}.Debug|Any CPU.ActiveCfg = Debug|Any CPU
		{08BF38F4-E734-4994-A857-4E7A9CE4171E}.Debug|Any CPU.Build.0 = Debug|Any CPU
		{08BF38F4-E734-4994-A857-4E7A9CE4171E}.Release|Any CPU.ActiveCfg = Release|Any CPU
		{08BF38F4-E734-4994-A857-4E7A9CE4171E}.Release|Any CPU.Build.0 = Release|Any CPU
	EndGlobalSection
	GlobalSection(SolutionProperties) = preSolution
		HideSolutionNode = FALSE
	EndGlobalSection
	GlobalSection(ExtensibilityGlobals) = postSolution
		SolutionGuid = {EDD61701-1D43-4EF5-9D4A-A1B051B0B797}
	EndGlobalSection
EndGlobal
