
Microsoft Visual Studio Solution File, Format Version 12.00
# Visual Studio Version 17
VisualStudioVersion = 17.4.33110.190
MinimumVisualStudioVersion = 10.0.40219.1
Project("{FAE04EC0-301F-11D3-BF4B-00C04F79EFBC}") = "Properties", "Properties\Properties.csproj", "{0EFAEF6F-D02A-4C5B-A5DA-5038153CBD1D}"
EndProject
Global
	GlobalSection(SolutionConfigurationPlatforms) = preSolution
		Debug|Any CPU = Debug|Any CPU
		Release|Any CPU = Release|Any CPU
	EndGlobalSection
	GlobalSection(ProjectConfigurationPlatforms) = postSolution
		{0EFAEF6F-D02A-4C5B-A5DA-5038153CBD1D}.Debug|Any CPU.ActiveCfg = Debug|Any CPU
		{0EFAEF6F-D02A-4C5B-A5DA-5038153CBD1D}.Debug|Any CPU.Build.0 = Debug|Any CPU
		{0EFAEF6F-D02A-4C5B-A5DA-5038153CBD1D}.Release|Any CPU.ActiveCfg = Release|Any CPU
		{0EFAEF6F-D02A-4C5B-A5DA-5038153CBD1D}.Release|Any CPU.Build.0 = Release|Any CPU
	EndGlobalSection
	GlobalSection(SolutionProperties) = preSolution
		HideSolutionNode = FALSE
	EndGlobalSection
	GlobalSection(ExtensibilityGlobals) = postSolution
		SolutionGuid = {3CAEA01E-28FA-42C7-9473-B91A2E46191A}
	EndGlobalSection
EndGlobal
