
Microsoft Visual Studio Solution File, Format Version 12.00
# Visual Studio Version 17
VisualStudioVersion = 17.4.33122.133
MinimumVisualStudioVersion = 10.0.40219.1
Project("{FAE04EC0-301F-11D3-BF4B-00C04F79EFBC}") = "GDIPlus", "GDIPlus\GDIPlus.csproj", "{D0A26D61-E949-4024-B572-69970453CD44}"
EndProject
Global
	GlobalSection(SolutionConfigurationPlatforms) = preSolution
		Debug|Any CPU = Debug|Any CPU
		Release|Any CPU = Release|Any CPU
	EndGlobalSection
	GlobalSection(ProjectConfigurationPlatforms) = postSolution
		{D0A26D61-E949-4024-B572-69970453CD44}.Debug|Any CPU.ActiveCfg = Debug|Any CPU
		{D0A26D61-E949-4024-B572-69970453CD44}.Debug|Any CPU.Build.0 = Debug|Any CPU
		{D0A26D61-E949-4024-B572-69970453CD44}.Release|Any CPU.ActiveCfg = Release|Any CPU
		{D0A26D61-E949-4024-B572-69970453CD44}.Release|Any CPU.Build.0 = Release|Any CPU
	EndGlobalSection
	GlobalSection(SolutionProperties) = preSolution
		HideSolutionNode = FALSE
	EndGlobalSection
	GlobalSection(ExtensibilityGlobals) = postSolution
		SolutionGuid = {9C1F3BA8-2BEB-440C-ACC8-5CC75847343B}
	EndGlobalSection
EndGlobal
