
Microsoft Visual Studio Solution File, Format Version 12.00
# Visual Studio Version 16
VisualStudioVersion = 16.0.31025.194
MinimumVisualStudioVersion = 10.0.40219.1
Project("{FAE04EC0-301F-11D3-BF4B-00C04F79EFBC}") = "TeclasComandos", "TeclasComandos\TeclasComandos.csproj", "{6BBF2B3E-23D1-43F0-AEC0-B2BAD9CEB9BC}"
EndProject
Global
	GlobalSection(SolutionConfigurationPlatforms) = preSolution
		Debug|Any CPU = Debug|Any CPU
		Release|Any CPU = Release|Any CPU
	EndGlobalSection
	GlobalSection(ProjectConfigurationPlatforms) = postSolution
		{6BBF2B3E-23D1-43F0-AEC0-B2BAD9CEB9BC}.Debug|Any CPU.ActiveCfg = Debug|Any CPU
		{6BBF2B3E-23D1-43F0-AEC0-B2BAD9CEB9BC}.Debug|Any CPU.Build.0 = Debug|Any CPU
		{6BBF2B3E-23D1-43F0-AEC0-B2BAD9CEB9BC}.Release|Any CPU.ActiveCfg = Release|Any CPU
		{6BBF2B3E-23D1-43F0-AEC0-B2BAD9CEB9BC}.Release|Any CPU.Build.0 = Release|Any CPU
	EndGlobalSection
	GlobalSection(SolutionProperties) = preSolution
		HideSolutionNode = FALSE
	EndGlobalSection
	GlobalSection(ExtensibilityGlobals) = postSolution
		SolutionGuid = {79C2C27C-C1E9-4BF3-AD49-A53F84CB0BC2}
	EndGlobalSection
EndGlobal
