
Microsoft Visual Studio Solution File, Format Version 12.00
# Visual Studio Version 17
VisualStudioVersion = 17.4.33122.133
MinimumVisualStudioVersion = 10.0.40219.1
Project("{FAE04EC0-301F-11D3-BF4B-00C04F79EFBC}") = "MediaGeneralPOO", "MediaGeneralPOO\MediaGeneralPOO.csproj", "{B570AD68-A975-4777-B45E-01D162175552}"
EndProject
Global
	GlobalSection(SolutionConfigurationPlatforms) = preSolution
		Debug|Any CPU = Debug|Any CPU
		Release|Any CPU = Release|Any CPU
	EndGlobalSection
	GlobalSection(ProjectConfigurationPlatforms) = postSolution
		{B570AD68-A975-4777-B45E-01D162175552}.Debug|Any CPU.ActiveCfg = Debug|Any CPU
		{B570AD68-A975-4777-B45E-01D162175552}.Debug|Any CPU.Build.0 = Debug|Any CPU
		{B570AD68-A975-4777-B45E-01D162175552}.Release|Any CPU.ActiveCfg = Release|Any CPU
		{B570AD68-A975-4777-B45E-01D162175552}.Release|Any CPU.Build.0 = Release|Any CPU
	EndGlobalSection
	GlobalSection(SolutionProperties) = preSolution
		HideSolutionNode = FALSE
	EndGlobalSection
	GlobalSection(ExtensibilityGlobals) = postSolution
		SolutionGuid = {83B1691D-85E1-4CFD-A8DF-FF4548BDA5AB}
	EndGlobalSection
EndGlobal
