
Microsoft Visual Studio Solution File, Format Version 12.00
# Visual Studio Version 17
VisualStudioVersion = 17.4.33122.133
MinimumVisualStudioVersion = 10.0.40219.1
Project("{FAE04EC0-301F-11D3-BF4B-00C04F79EFBC}") = "FilesAndFolderManipulation", "FilesAndFolderManipulation\FilesAndFolderManipulation.csproj", "{B2EB160F-B78C-44CD-9DCE-BD1DFC5E2E72}"
EndProject
Project("{FAE04EC0-301F-11D3-BF4B-00C04F79EFBC}") = "InfoFile", "InfoFile\InfoFile.csproj", "{3CFA4729-9255-45A2-A868-60FA2489C0B7}"
EndProject
Project("{FAE04EC0-301F-11D3-BF4B-00C04F79EFBC}") = "Manipulation", "Manipulation\Manipulation.csproj", "{BFE7AD0E-0C9F-4D94-86DF-912A85E4E220}"
EndProject
Project("{FAE04EC0-301F-11D3-BF4B-00C04F79EFBC}") = "InfoDir", "InfoDir\InfoDir.csproj", "{3003E088-4277-4D47-BF7F-B1D80D82A3CA}"
EndProject
Project("{FAE04EC0-301F-11D3-BF4B-00C04F79EFBC}") = "WriteTxtFiles", "WriteTxtFiles\WriteTxtFiles.csproj", "{163CD898-7D0C-496E-A809-A606AC64E562}"
EndProject
Global
	GlobalSection(SolutionConfigurationPlatforms) = preSolution
		Debug|Any CPU = Debug|Any CPU
		Release|Any CPU = Release|Any CPU
	EndGlobalSection
	GlobalSection(ProjectConfigurationPlatforms) = postSolution
		{B2EB160F-B78C-44CD-9DCE-BD1DFC5E2E72}.Debug|Any CPU.ActiveCfg = Debug|Any CPU
		{B2EB160F-B78C-44CD-9DCE-BD1DFC5E2E72}.Debug|Any CPU.Build.0 = Debug|Any CPU
		{B2EB160F-B78C-44CD-9DCE-BD1DFC5E2E72}.Release|Any CPU.ActiveCfg = Release|Any CPU
		{B2EB160F-B78C-44CD-9DCE-BD1DFC5E2E72}.Release|Any CPU.Build.0 = Release|Any CPU
		{3CFA4729-9255-45A2-A868-60FA2489C0B7}.Debug|Any CPU.ActiveCfg = Debug|Any CPU
		{3CFA4729-9255-45A2-A868-60FA2489C0B7}.Debug|Any CPU.Build.0 = Debug|Any CPU
		{3CFA4729-9255-45A2-A868-60FA2489C0B7}.Release|Any CPU.ActiveCfg = Release|Any CPU
		{3CFA4729-9255-45A2-A868-60FA2489C0B7}.Release|Any CPU.Build.0 = Release|Any CPU
		{BFE7AD0E-0C9F-4D94-86DF-912A85E4E220}.Debug|Any CPU.ActiveCfg = Debug|Any CPU
		{BFE7AD0E-0C9F-4D94-86DF-912A85E4E220}.Debug|Any CPU.Build.0 = Debug|Any CPU
		{BFE7AD0E-0C9F-4D94-86DF-912A85E4E220}.Release|Any CPU.ActiveCfg = Release|Any CPU
		{BFE7AD0E-0C9F-4D94-86DF-912A85E4E220}.Release|Any CPU.Build.0 = Release|Any CPU
		{3003E088-4277-4D47-BF7F-B1D80D82A3CA}.Debug|Any CPU.ActiveCfg = Debug|Any CPU
		{3003E088-4277-4D47-BF7F-B1D80D82A3CA}.Debug|Any CPU.Build.0 = Debug|Any CPU
		{3003E088-4277-4D47-BF7F-B1D80D82A3CA}.Release|Any CPU.ActiveCfg = Release|Any CPU
		{3003E088-4277-4D47-BF7F-B1D80D82A3CA}.Release|Any CPU.Build.0 = Release|Any CPU
		{163CD898-7D0C-496E-A809-A606AC64E562}.Debug|Any CPU.ActiveCfg = Debug|Any CPU
		{163CD898-7D0C-496E-A809-A606AC64E562}.Debug|Any CPU.Build.0 = Debug|Any CPU
		{163CD898-7D0C-496E-A809-A606AC64E562}.Release|Any CPU.ActiveCfg = Release|Any CPU
		{163CD898-7D0C-496E-A809-A606AC64E562}.Release|Any CPU.Build.0 = Release|Any CPU
	EndGlobalSection
	GlobalSection(SolutionProperties) = preSolution
		HideSolutionNode = FALSE
	EndGlobalSection
	GlobalSection(ExtensibilityGlobals) = postSolution
		SolutionGuid = {3A8C9E75-7313-4724-8249-31C2CCC5570F}
	EndGlobalSection
EndGlobal
