
Microsoft Visual Studio Solution File, Format Version 12.00
# Visual Studio Version 17
VisualStudioVersion = 17.4.33110.190
MinimumVisualStudioVersion = 10.0.40219.1
Project("{FAE04EC0-301F-11D3-BF4B-00C04F79EFBC}") = "IMC", "IMC\IMC.csproj", "{E7CEAB53-23E8-4EAC-884E-C0832A811BAC}"
EndProject
Global
	GlobalSection(SolutionConfigurationPlatforms) = preSolution
		Debug|Any CPU = Debug|Any CPU
		Release|Any CPU = Release|Any CPU
	EndGlobalSection
	GlobalSection(ProjectConfigurationPlatforms) = postSolution
		{E7CEAB53-23E8-4EAC-884E-C0832A811BAC}.Debug|Any CPU.ActiveCfg = Debug|Any CPU
		{E7CEAB53-23E8-4EAC-884E-C0832A811BAC}.Debug|Any CPU.Build.0 = Debug|Any CPU
		{E7CEAB53-23E8-4EAC-884E-C0832A811BAC}.Release|Any CPU.ActiveCfg = Release|Any CPU
		{E7CEAB53-23E8-4EAC-884E-C0832A811BAC}.Release|Any CPU.Build.0 = Release|Any CPU
	EndGlobalSection
	GlobalSection(SolutionProperties) = preSolution
		HideSolutionNode = FALSE
	EndGlobalSection
	GlobalSection(ExtensibilityGlobals) = postSolution
		SolutionGuid = {982B4ABC-8E11-48FA-88B1-70FEA71AC629}
	EndGlobalSection
EndGlobal
