
Microsoft Visual Studio Solution File, Format Version 12.00
# Visual Studio Version 17
VisualStudioVersion = 17.4.33122.133
MinimumVisualStudioVersion = 10.0.40219.1
Project("{FAE04EC0-301F-11D3-BF4B-00C04F79EFBC}") = "StringsManipulation", "StringsManipulation\StringsManipulation.csproj", "{BDD27BC8-E5D6-4844-BE47-874ACBD4E23D}"
EndProject
Global
	GlobalSection(SolutionConfigurationPlatforms) = preSolution
		Debug|Any CPU = Debug|Any CPU
		Release|Any CPU = Release|Any CPU
	EndGlobalSection
	GlobalSection(ProjectConfigurationPlatforms) = postSolution
		{BDD27BC8-E5D6-4844-BE47-874ACBD4E23D}.Debug|Any CPU.ActiveCfg = Debug|Any CPU
		{BDD27BC8-E5D6-4844-BE47-874ACBD4E23D}.Debug|Any CPU.Build.0 = Debug|Any CPU
		{BDD27BC8-E5D6-4844-BE47-874ACBD4E23D}.Release|Any CPU.ActiveCfg = Release|Any CPU
		{BDD27BC8-E5D6-4844-BE47-874ACBD4E23D}.Release|Any CPU.Build.0 = Release|Any CPU
	EndGlobalSection
	GlobalSection(SolutionProperties) = preSolution
		HideSolutionNode = FALSE
	EndGlobalSection
	GlobalSection(ExtensibilityGlobals) = postSolution
		SolutionGuid = {D85756E6-DBC5-413A-92C9-991167363461}
	EndGlobalSection
EndGlobal
