
Microsoft Visual Studio Solution File, Format Version 12.00
# Visual Studio Version 17
VisualStudioVersion = 17.4.33110.190
MinimumVisualStudioVersion = 10.0.40219.1
Project("{FAE04EC0-301F-11D3-BF4B-00C04F79EFBC}") = "Comentarios", "Comentarios\Comentarios.csproj", "{B6D2DD2A-24C6-4073-A775-80B40DEC0F7A}"
EndProject
Global
	GlobalSection(SolutionConfigurationPlatforms) = preSolution
		Debug|Any CPU = Debug|Any CPU
		Release|Any CPU = Release|Any CPU
	EndGlobalSection
	GlobalSection(ProjectConfigurationPlatforms) = postSolution
		{B6D2DD2A-24C6-4073-A775-80B40DEC0F7A}.Debug|Any CPU.ActiveCfg = Debug|Any CPU
		{B6D2DD2A-24C6-4073-A775-80B40DEC0F7A}.Debug|Any CPU.Build.0 = Debug|Any CPU
		{B6D2DD2A-24C6-4073-A775-80B40DEC0F7A}.Release|Any CPU.ActiveCfg = Release|Any CPU
		{B6D2DD2A-24C6-4073-A775-80B40DEC0F7A}.Release|Any CPU.Build.0 = Release|Any CPU
	EndGlobalSection
	GlobalSection(SolutionProperties) = preSolution
		HideSolutionNode = FALSE
	EndGlobalSection
	GlobalSection(ExtensibilityGlobals) = postSolution
		SolutionGuid = {13C4ACF3-FE15-4934-A966-E5D35D5B62C7}
	EndGlobalSection
EndGlobal
