
Microsoft Visual Studio Solution File, Format Version 12.00
# Visual Studio Version 17
VisualStudioVersion = 17.4.33122.133
MinimumVisualStudioVersion = 10.0.40219.1
Project("{FAE04EC0-301F-11D3-BF4B-00C04F79EFBC}") = "Recursivity", "Recursivity\Recursivity.csproj", "{A9F5EAF0-8010-4FFC-AC20-5ACAFC371EFB}"
EndProject
Global
	GlobalSection(SolutionConfigurationPlatforms) = preSolution
		Debug|Any CPU = Debug|Any CPU
		Release|Any CPU = Release|Any CPU
	EndGlobalSection
	GlobalSection(ProjectConfigurationPlatforms) = postSolution
		{A9F5EAF0-8010-4FFC-AC20-5ACAFC371EFB}.Debug|Any CPU.ActiveCfg = Debug|Any CPU
		{A9F5EAF0-8010-4FFC-AC20-5ACAFC371EFB}.Debug|Any CPU.Build.0 = Debug|Any CPU
		{A9F5EAF0-8010-4FFC-AC20-5ACAFC371EFB}.Release|Any CPU.ActiveCfg = Release|Any CPU
		{A9F5EAF0-8010-4FFC-AC20-5ACAFC371EFB}.Release|Any CPU.Build.0 = Release|Any CPU
	EndGlobalSection
	GlobalSection(SolutionProperties) = preSolution
		HideSolutionNode = FALSE
	EndGlobalSection
	GlobalSection(ExtensibilityGlobals) = postSolution
		SolutionGuid = {F12682A2-29E9-41F5-8D80-2A193D036017}
	EndGlobalSection
EndGlobal
